// !$*UTF8*$!
{
	archiveVersion = 1;
	classes = {
	};
	objectVersion = 46;
	objects = {

/* Begin PBXBuildFile section */
		2E72CDF91F454C2D0001F16A /* AppDelegate.swift in Sources */ = {isa = PBXBuildFile; fileRef = 2E72CDF81F454C2D0001F16A /* AppDelegate.swift */; };
		2E72CDFB1F454C2D0001F16A /* ViewController.swift in Sources */ = {isa = PBXBuildFile; fileRef = 2E72CDFA1F454C2D0001F16A /* ViewController.swift */; };
		2E72CDFE1F454C2D0001F16A /* Main.storyboard in Resources */ = {isa = PBXBuildFile; fileRef = 2E72CDFC1F454C2D0001F16A /* Main.storyboard */; };
		2E72CE001F454C2D0001F16A /* Assets.xcassets in Resources */ = {isa = PBXBuildFile; fileRef = 2E72CDFF1F454C2D0001F16A /* Assets.xcassets */; };
		2E72CE031F454C2D0001F16A /* LaunchScreen.storyboard in Resources */ = {isa = PBXBuildFile; fileRef = 2E72CE011F454C2D0001F16A /* LaunchScreen.storyboard */; };
/* End PBXBuildFile section */

/* Begin PBXFileReference section */
		2E72CDF51F454C2D0001F16A /* Basic_Margin.app */ = {isa = PBXFileReference; explicitFileType = wrapper.application; includeInIndex = 0; path = Basic_Margin.app; sourceTree = BUILT_PRODUCTS_DIR; };
		2E72CDF81F454C2D0001F16A /* AppDelegate.swift */ = {isa = PBXFileReference; lastKnownFileType = sourcecode.swift; path = AppDelegate.swift; sourceTree = "<group>"; };
		2E72CDFA1F454C2D0001F16A /* ViewController.swift */ = {isa = PBXFileReference; lastKnownFileType = sourcecode.swift; path = ViewController.swift; sourceTree = "<group>"; };
		2E72CDFD1F454C2D0001F16A /* Base */ = {isa = PBXFileReference; lastKnownFileType = file.storyboard; name = Base; path = Base.lproj/Main.storyboard; sourceTree = "<group>"; };
		2E72CDFF1F454C2D0001F16A /* Assets.xcassets */ = {isa = PBXFileReference; lastKnownFileType = folder.assetcatalog; path = Assets.xcassets; sourceTree = "<group>"; };
		2E72CE021F454C2D0001F16A /* Base */ = {isa = PBXFileReference; lastKnownFileType = file.storyboard; name = Base; path = Base.lproj/LaunchScreen.storyboard; sourceTree = "<group>"; };
		2E72CE041F454C2D0001F16A /* Info.plist */ = {isa = PBXFileReference; lastKnownFileType = text.plist.xml; path = Info.plist; sourceTree = "<group>"; };
/* End PBXFileReference section */

/* Begin PBXFrameworksBuildPhase section */
		2E72CDF21F454C2D0001F16A /* Frameworks */ = {
			isa = PBXFrameworksBuildPhase;
			buildActionMask = 2147483647;
			files = (
			);
			runOnlyForDeploymentPostprocessing = 0;
		};
/* End PBXFrameworksBuildPhase section */

/* Begin PBXGroup section */
		2E72CDEC1F454C2D0001F16A = {
			isa = PBXGroup;
			children = (
				2E72CDF71F454C2D0001F16A /* Basic_Margin */,
				2E72CDF61F454C2D0001F16A /* Products */,
			);
			sourceTree = "<group>";
		};
		2E72CDF61F454C2D0001F16A /* Products */ = {
			isa = PBXGroup;
			children = (
				2E72CDF51F454C2D0001F16A /* Basic_Margin.app */,
			);
			name = Products;
			sourceTree = "<group>";
		};
		2E72CDF71F454C2D0001F16A /* Basic_Margin */ = {
			isa = PBXGroup;
			children = (
				2E72CDF81F454C2D0001F16A /* AppDelegate.swift */,
				2E72CDFA1F454C2D0001F16A /* ViewController.swift */,
				2E72CDFC1F454C2D0001F16A /* Main.storyboard */,
				2E72CDFF1F454C2D0001F16A /* Assets.xcassets */,
				2E72CE011F454C2D0001F16A /* LaunchScreen.storyboard */,
				2E72CE041F454C2D0001F16A /* Info.plist */,
			);
			path = Basic_Margin;
			sourceTree = "<group>";
		};
/* End PBXGroup section */

/* Begin PBXNativeTarget section */
		2E72CDF41F454C2D0001F16A /* Basic_Margin */ = {
			isa = PBXNativeTarget;
			buildConfigurationList = 2E72CE071F454C2D0001F16A /* Build configuration list for PBXNativeTarget "Basic_Margin" */;
			buildPhases = (
				2E72CDF11F454C2D0001F16A /* Sources */,
				2E72CDF21F454C2D0001F16A /* Frameworks */,
				2E72CDF31F454C2D0001F16A /* Resources */,
			);
			buildRules = (
			);
			dependencies = (
			);
			name = Basic_Margin;
			productName = Basic_Margin;
			productReference = 2E72CDF51F454C2D0001F16A /* Basic_Margin.app */;
			productType = "com.apple.product-type.application";
		};
/* End PBXNativeTarget section */

/* Begin PBXProject section */
		2E72CDED1F454C2D0001F16A /* Project object */ = {
			isa = PBXProject;
			attributes = {
				LastSwiftUpdateCheck = 0830;
				LastUpgradeCheck = 0830;
				ORGANIZATIONNAME = Parkchanwoong;
				TargetAttributes = {
					2E72CDF41F454C2D0001F16A = {
						CreatedOnToolsVersion = 8.3.3;
						ProvisioningStyle = Automatic;
					};
				};
			};
			buildConfigurationList = 2E72CDF01F454C2D0001F16A /* Build configuration list for PBXProject "Basic_Margin" */;
			compatibilityVersion = "Xcode 3.2";
			developmentRegion = English;
			hasScannedForEncodings = 0;
			knownRegions = (
				en,
				Base,
			);
			mainGroup = 2E72CDEC1F454C2D0001F16A;
			productRefGroup = 2E72CDF61F454C2D0001F16A /* Products */;
			projectDirPath = "";
			projectRoot = "";
			targets = (
				2E72CDF41F454C2D0001F16A /* Basic_Margin */,
			);
		};
/* End PBXProject section */

/* Begin PBXResourcesBuildPhase section */
		2E72CDF31F454C2D0001F16A /* Resources */ = {
			isa = PBXResourcesBuildPhase;
			buildActionMask = 2147483647;
			files = (
				2E72CE031F454C2D0001F16A /* LaunchScreen.storyboard in Resources */,
				2E72CE001F454C2D0001F16A /* Assets.xcassets in Resources */,
				2E72CDFE1F454C2D0001F16A /* Main.storyboard in Resources */,
			);
			runOnlyForDeploymentPostprocessing = 0;
		};
/* End PBXResourcesBuildPhase section */

/* Begin PBXSourcesBuildPhase section */
		2E72CDF11F454C2D0001F16A /* Sources */ = {
			isa = PBXSourcesBuildPhase;
			buildActionMask = 2147483647;
			files = (
				2E72CDFB1F454C2D0001F16A /* ViewController.swift in Sources */,
				2E72CDF91F454C2D0001F16A /* AppDelegate.swift in Sources */,
			);
			runOnlyForDeploymentPostprocessing = 0;
		};
/* End PBXSourcesBuildPhase section */

/* Begin PBXVariantGroup section */
		2E72CDFC1F454C2D0001F16A /* Main.storyboard */ = {
			isa = PBXVariantGroup;
			children = (
				2E72CDFD1F454C2D0001F16A /* Base */,
			);
			name = Main.storyboard;
			sourceTree = "<group>";
		};
		2E72CE011F454C2D0001F16A /* LaunchScreen.storyboard */ = {
			isa = PBXVariantGroup;
			children = (
				2E72CE021F454C2D0001F16A /* Base */,
			);
			name = LaunchScreen.storyboard;
			sourceTree = "<group>";
		};
/* End PBXVariantGroup section */

/* Begin XCBuildConfiguration section */
		2E72CE051F454C2D0001F16A /* Debug */ = {
			isa = XCBuildConfiguration;
			buildSettings = {
				ALWAYS_SEARCH_USER_PATHS = NO;
				CLANG_ANALYZER_NONNULL = YES;
				CLANG_ANALYZER_NUMBER_OBJECT_CONVERSION = YES_AGGRESSIVE;
				CLANG_CXX_LANGUAGE_STANDARD = "gnu++0x";
				CLANG_CXX_LIBRARY = "libc++";
				CLANG_ENABLE_MODULES = YES;
				CLANG_ENABLE_OBJC_ARC = YES;
				CLANG_WARN_BOOL_CONVERSION = YES;
				CLANG_WARN_CONSTANT_CONVERSION = YES;
				CLANG_WARN_DIRECT_OBJC_ISA_USAGE = YES_ERROR;
				CLANG_WARN_DOCUMENTATION_COMMENTS = YES;
				CLANG_WARN_EMPTY_BODY = YES;
				CLANG_WARN_ENUM_CONVERSION = YES;
				CLANG_WARN_INFINITE_RECURSION = YES;
				CLANG_WARN_INT_CONVERSION = YES;
				CLANG_WARN_OBJC_ROOT_CLASS = YES_ERROR;
				CLANG_WARN_SUSPICIOUS_MOVE = YES;
				CLANG_WARN_UNREACHABLE_CODE = YES;
				CLANG_WARN__DUPLICATE_METHOD_MATCH = YES;
				"CODE_SIGN_IDENTITY[sdk=iphoneos*]" = "iPhone Developer";
				COPY_PHASE_STRIP = NO;
				DEBUG_INFORMATION_FORMAT = dwarf;
				ENABLE_STRICT_OBJC_MSGSEND = YES;
				ENABLE_TESTABILITY = YES;
				GCC_C_LANGUAGE_STANDARD = gnu99;
				GCC_DYNAMIC_NO_PIC = NO;
				GCC_NO_COMMON_BLOCKS = YES;
				GCC_OPTIMIZATION_LEVEL = 0;
				GCC_PREPROCESSOR_DEFINITIONS = (
					"DEBUG=1",
					"$(inherited)",
				);
				GCC_WARN_64_TO_32_BIT_CONVERSION = YES;
				GCC_WARN_ABOUT_RETURN_TYPE = YES_ERROR;
				GCC_WARN_UNDECLARED_SELECTOR = YES;
				GCC_WARN_UNINITIALIZED_AUTOS = YES_AGGRESSIVE;
				GCC_WARN_UNUSED_FUNCTION = YES;
				GCC_WARN_UNUSED_VARIABLE = YES;
				IPHONEOS_DEPLOYMENT_TARGET = 10.3;
				MTL_ENABLE_DEBUG_INFO = YES;
				ONLY_ACTIVE_ARCH = YES;
				SDKROOT = iphoneos;
				SWIFT_ACTIVE_COMPILATION_CONDITIONS = DEBUG;
				SWIFT_OPTIMIZATION_LEVEL = "-Onone";
			};
			name = Debug;
		};
		2E72CE061F454C2D0001F16A /* Release */ = {
			isa = XCBuildConfiguration;
			buildSettings = {
				ALWAYS_SEARCH_USER_PATHS = NO;
				CLANG_ANALYZER_NONNULL = YES;
				CLANG_ANALYZER_NUMBER_OBJECT_CONVERSION = YES_AGGRESSIVE;
				CLANG_CXX_LANGUAGE_STANDARD = "gnu++0x";
				CLANG_CXX_LIBRARY = "libc++";
				CLANG_ENABLE_MODULES = YES;
				CLANG_ENABLE_OBJC_ARC = YES;
				CLANG_WARN_BOOL_CONVERSION = YES;
				CLANG_WARN_CONSTANT_CONVERSION = YES;
				CLANG_WARN_DIRECT_OBJC_ISA_USAGE = YES_ERROR;
				CLANG_WARN_DOCUMENTATION_COMMENTS = YES;
				CLANG_WARN_EMPTY_BODY = YES;
				CLANG_WARN_ENUM_CONVERSION = YES;
				CLANG_WARN_INFINITE_RECURSION = YES;
				CLANG_WARN_INT_CONVERSION = YES;
				CLANG_WARN_OBJC_ROOT_CLASS = YES_ERROR;
				CLANG_WARN_SUSPICIOUS_MOVE = YES;
				CLANG_WARN_UNREACHABLE_CODE = YES;
				CLANG_WARN__DUPLICATE_METHOD_MATCH = YES;
				"CODE_SIGN_IDENTITY[sdk=iphoneos*]" = "iPhone Developer";
				COPY_PHASE_STRIP = NO;
				DEBUG_INFORMATION_FORMAT = "dwarf-with-dsym";
				ENABLE_NS_ASSERTIONS = NO;
				ENABLE_STRICT_OBJC_MSGSEND = YES;
				GCC_C_LANGUAGE_STANDARD = gnu99;
				GCC_NO_COMMON_BLOCKS = YES;
				GCC_WARN_64_TO_32_BIT_CONVERSION = YES;
				GCC_WARN_ABOUT_RETURN_TYPE = YES_ERROR;
				GCC_WARN_UNDECLARED_SELECTOR = YES;
				GCC_WARN_UNINITIALIZED_AUTOS = YES_AGGRESSIVE;
				GCC_WARN_UNUSED_FUNCTION = YES;
				GCC_WARN_UNUSED_VARIABLE = YES;
				IPHONEOS_DEPLOYMENT_TARGET = 10.3;
				MTL_ENABLE_DEBUG_INFO = NO;
				SDKROOT = iphoneos;
				SWIFT_OPTIMIZATION_LEVEL = "-Owholemodule";
				VALIDATE_PRODUCT = YES;
			};
			name = Release;
		};
		2E72CE081F454C2D0001F16A /* Debug */ = {
			isa = XCBuildConfiguration;
			buildSettings = {
				ASSETCATALOG_COMPILER_APPICON_NAME = AppIcon;
				INFOPLIST_FILE = Basic_Margin/Info.plist;
				LD_RUNPATH_SEARCH_PATHS = "$(inherited) @executable_path/Frameworks";
				PRODUCT_BUNDLE_IDENTIFIER = "chanwoong.Basic-Margin";
				PRODUCT_NAME = "$(TARGET_NAME)";
				SWIFT_VERSION = 3.0;
			};
			name = Debug;
		};
		2E72CE091F454C2D0001F16A /* Release */ = {
			isa = XCBuildConfiguration;
			buildSettings = {
				ASSETCATALOG_COMPILER_APPICON_NAME = AppIcon;
				INFOPLIST_FILE = Basic_Margin/Info.plist;
				LD_RUNPATH_SEARCH_PATHS = "$(inherited) @executable_path/Frameworks";
				PRODUCT_BUNDLE_IDENTIFIER = "chanwoong.Basic-Margin";
				PRODUCT_NAME = "$(TARGET_NAME)";
				SWIFT_VERSION = 3.0;
			};
			name = Release;
		};
/* End XCBuildConfiguration section */

/* Begin XCConfigurationList section */
		2E72CDF01F454C2D0001F16A /* Build configuration list for PBXProject "Basic_Margin" */ = {
			isa = XCConfigurationList;
			buildConfigurations = (
				2E72CE051F454C2D0001F16A /* Debug */,
				2E72CE061F454C2D0001F16A /* Release */,
			);
			defaultConfigurationIsVisible = 0;
			defaultConfigurationName = Release;
		};
		2E72CE071F454C2D0001F16A /* Build configuration list for PBXNativeTarget "Basic_Margin" */ = {
			isa = XCConfigurationList;
			buildConfigurations = (
				2E72CE081F454C2D0001F16A /* Debug */,
				2E72CE091F454C2D0001F16A /* Release */,
			);
			defaultConfigurationIsVisible = 0;
		};
/* End XCConfigurationList section */
	};
	rootObject = 2E72CDED1F454C2D0001F16A /* Project object */;
}
