// !$*UTF8*$!
{
	archiveVersion = 1;
	classes = {
	};
	objectVersion = 46;
	objects = {

/* Begin PBXBuildFile section */
		2E72CDDB1F454A2B0001F16A /* AppDelegate.swift in Sources */ = {isa = PBXBuildFile; fileRef = 2E72CDDA1F454A2B0001F16A /* AppDelegate.swift */; };
		2E72CDDD1F454A2B0001F16A /* ViewController.swift in Sources */ = {isa = PBXBuildFile; fileRef = 2E72CDDC1F454A2B0001F16A /* ViewController.swift */; };
		2E72CDE01F454A2B0001F16A /* Main.storyboard in Resources */ = {isa = PBXBuildFile; fileRef = 2E72CDDE1F454A2B0001F16A /* Main.storyboard */; };
		2E72CDE21F454A2B0001F16A /* Assets.xcassets in Resources */ = {isa = PBXBuildFile; fileRef = 2E72CDE11F454A2B0001F16A /* Assets.xcassets */; };
		2E72CDE51F454A2B0001F16A /* LaunchScreen.storyboard in Resources */ = {isa = PBXBuildFile; fileRef = 2E72CDE31F454A2B0001F16A /* LaunchScreen.storyboard */; };
/* End PBXBuildFile section */

/* Begin PBXFileReference section */
		2E72CDD71F454A2B0001F16A /* ScrollView_Basic.app */ = {isa = PBXFileReference; explicitFileType = wrapper.application; includeInIndex = 0; path = ScrollView_Basic.app; sourceTree = BUILT_PRODUCTS_DIR; };
		2E72CDDA1F454A2B0001F16A /* AppDelegate.swift */ = {isa = PBXFileReference; lastKnownFileType = sourcecode.swift; path = AppDelegate.swift; sourceTree = "<group>"; };
		2E72CDDC1F454A2B0001F16A /* ViewController.swift */ = {isa = PBXFileReference; lastKnownFileType = sourcecode.swift; path = ViewController.swift; sourceTree = "<group>"; };
		2E72CDDF1F454A2B0001F16A /* Base */ = {isa = PBXFileReference; lastKnownFileType = file.storyboard; name = Base; path = Base.lproj/Main.storyboard; sourceTree = "<group>"; };
		2E72CDE11F454A2B0001F16A /* Assets.xcassets */ = {isa = PBXFileReference; lastKnownFileType = folder.assetcatalog; path = Assets.xcassets; sourceTree = "<group>"; };
		2E72CDE41F454A2B0001F16A /* Base */ = {isa = PBXFileReference; lastKnownFileType = file.storyboard; name = Base; path = Base.lproj/LaunchScreen.storyboard; sourceTree = "<group>"; };
		2E72CDE61F454A2B0001F16A /* Info.plist */ = {isa = PBXFileReference; lastKnownFileType = text.plist.xml; path = Info.plist; sourceTree = "<group>"; };
/* End PBXFileReference section */

/* Begin PBXFrameworksBuildPhase section */
		2E72CDD41F454A2B0001F16A /* Frameworks */ = {
			isa = PBXFrameworksBuildPhase;
			buildActionMask = 2147483647;
			files = (
			);
			runOnlyForDeploymentPostprocessing = 0;
		};
/* End PBXFrameworksBuildPhase section */

/* Begin PBXGroup section */
		2E72CDCE1F454A2B0001F16A = {
			isa = PBXGroup;
			children = (
				2E72CDD91F454A2B0001F16A /* ScrollView_Basic */,
				2E72CDD81F454A2B0001F16A /* Products */,
			);
			sourceTree = "<group>";
		};
		2E72CDD81F454A2B0001F16A /* Products */ = {
			isa = PBXGroup;
			children = (
				2E72CDD71F454A2B0001F16A /* ScrollView_Basic.app */,
			);
			name = Products;
			sourceTree = "<group>";
		};
		2E72CDD91F454A2B0001F16A /* ScrollView_Basic */ = {
			isa = PBXGroup;
			children = (
				2E72CDDA1F454A2B0001F16A /* AppDelegate.swift */,
				2E72CDDC1F454A2B0001F16A /* ViewController.swift */,
				2E72CDDE1F454A2B0001F16A /* Main.storyboard */,
				2E72CDE11F454A2B0001F16A /* Assets.xcassets */,
				2E72CDE31F454A2B0001F16A /* LaunchScreen.storyboard */,
				2E72CDE61F454A2B0001F16A /* Info.plist */,
			);
			path = ScrollView_Basic;
			sourceTree = "<group>";
		};
/* End PBXGroup section */

/* Begin PBXNativeTarget section */
		2E72CDD61F454A2B0001F16A /* ScrollView_Basic */ = {
			isa = PBXNativeTarget;
			buildConfigurationList = 2E72CDE91F454A2B0001F16A /* Build configuration list for PBXNativeTarget "ScrollView_Basic" */;
			buildPhases = (
				2E72CDD31F454A2B0001F16A /* Sources */,
				2E72CDD41F454A2B0001F16A /* Frameworks */,
				2E72CDD51F454A2B0001F16A /* Resources */,
			);
			buildRules = (
			);
			dependencies = (
			);
			name = ScrollView_Basic;
			productName = ScrollView_Basic;
			productReference = 2E72CDD71F454A2B0001F16A /* ScrollView_Basic.app */;
			productType = "com.apple.product-type.application";
		};
/* End PBXNativeTarget section */

/* Begin PBXProject section */
		2E72CDCF1F454A2B0001F16A /* Project object */ = {
			isa = PBXProject;
			attributes = {
				LastSwiftUpdateCheck = 0830;
				LastUpgradeCheck = 0830;
				ORGANIZATIONNAME = Parkchanwoong;
				TargetAttributes = {
					2E72CDD61F454A2B0001F16A = {
						CreatedOnToolsVersion = 8.3.3;
						ProvisioningStyle = Automatic;
					};
				};
			};
			buildConfigurationList = 2E72CDD21F454A2B0001F16A /* Build configuration list for PBXProject "ScrollView_Basic" */;
			compatibilityVersion = "Xcode 3.2";
			developmentRegion = English;
			hasScannedForEncodings = 0;
			knownRegions = (
				en,
				Base,
			);
			mainGroup = 2E72CDCE1F454A2B0001F16A;
			productRefGroup = 2E72CDD81F454A2B0001F16A /* Products */;
			projectDirPath = "";
			projectRoot = "";
			targets = (
				2E72CDD61F454A2B0001F16A /* ScrollView_Basic */,
			);
		};
/* End PBXProject section */

/* Begin PBXResourcesBuildPhase section */
		2E72CDD51F454A2B0001F16A /* Resources */ = {
			isa = PBXResourcesBuildPhase;
			buildActionMask = 2147483647;
			files = (
				2E72CDE51F454A2B0001F16A /* LaunchScreen.storyboard in Resources */,
				2E72CDE21F454A2B0001F16A /* Assets.xcassets in Resources */,
				2E72CDE01F454A2B0001F16A /* Main.storyboard in Resources */,
			);
			runOnlyForDeploymentPostprocessing = 0;
		};
/* End PBXResourcesBuildPhase section */

/* Begin PBXSourcesBuildPhase section */
		2E72CDD31F454A2B0001F16A /* Sources */ = {
			isa = PBXSourcesBuildPhase;
			buildActionMask = 2147483647;
			files = (
				2E72CDDD1F454A2B0001F16A /* ViewController.swift in Sources */,
				2E72CDDB1F454A2B0001F16A /* AppDelegate.swift in Sources */,
			);
			runOnlyForDeploymentPostprocessing = 0;
		};
/* End PBXSourcesBuildPhase section */

/* Begin PBXVariantGroup section */
		2E72CDDE1F454A2B0001F16A /* Main.storyboard */ = {
			isa = PBXVariantGroup;
			children = (
				2E72CDDF1F454A2B0001F16A /* Base */,
			);
			name = Main.storyboard;
			sourceTree = "<group>";
		};
		2E72CDE31F454A2B0001F16A /* LaunchScreen.storyboard */ = {
			isa = PBXVariantGroup;
			children = (
				2E72CDE41F454A2B0001F16A /* Base */,
			);
			name = LaunchScreen.storyboard;
			sourceTree = "<group>";
		};
/* End PBXVariantGroup section */

/* Begin XCBuildConfiguration section */
		2E72CDE71F454A2B0001F16A /* Debug */ = {
			isa = XCBuildConfiguration;
			buildSettings = {
				ALWAYS_SEARCH_USER_PATHS = NO;
				CLANG_ANALYZER_NONNULL = YES;
				CLANG_ANALYZER_NUMBER_OBJECT_CONVERSION = YES_AGGRESSIVE;
				CLANG_CXX_LANGUAGE_STANDARD = "gnu++0x";
				CLANG_CXX_LIBRARY = "libc++";
				CLANG_ENABLE_MODULES = YES;
				CLANG_ENABLE_OBJC_ARC = YES;
				CLANG_WARN_BOOL_CONVERSION = YES;
				CLANG_WARN_CONSTANT_CONVERSION = YES;
				CLANG_WARN_DIRECT_OBJC_ISA_USAGE = YES_ERROR;
				CLANG_WARN_DOCUMENTATION_COMMENTS = YES;
				CLANG_WARN_EMPTY_BODY = YES;
				CLANG_WARN_ENUM_CONVERSION = YES;
				CLANG_WARN_INFINITE_RECURSION = YES;
				CLANG_WARN_INT_CONVERSION = YES;
				CLANG_WARN_OBJC_ROOT_CLASS = YES_ERROR;
				CLANG_WARN_SUSPICIOUS_MOVE = YES;
				CLANG_WARN_UNREACHABLE_CODE = YES;
				CLANG_WARN__DUPLICATE_METHOD_MATCH = YES;
				"CODE_SIGN_IDENTITY[sdk=iphoneos*]" = "iPhone Developer";
				COPY_PHASE_STRIP = NO;
				DEBUG_INFORMATION_FORMAT = dwarf;
				ENABLE_STRICT_OBJC_MSGSEND = YES;
				ENABLE_TESTABILITY = YES;
				GCC_C_LANGUAGE_STANDARD = gnu99;
				GCC_DYNAMIC_NO_PIC = NO;
				GCC_NO_COMMON_BLOCKS = YES;
				GCC_OPTIMIZATION_LEVEL = 0;
				GCC_PREPROCESSOR_DEFINITIONS = (
					"DEBUG=1",
					"$(inherited)",
				);
				GCC_WARN_64_TO_32_BIT_CONVERSION = YES;
				GCC_WARN_ABOUT_RETURN_TYPE = YES_ERROR;
				GCC_WARN_UNDECLARED_SELECTOR = YES;
				GCC_WARN_UNINITIALIZED_AUTOS = YES_AGGRESSIVE;
				GCC_WARN_UNUSED_FUNCTION = YES;
				GCC_WARN_UNUSED_VARIABLE = YES;
				IPHONEOS_DEPLOYMENT_TARGET = 10.3;
				MTL_ENABLE_DEBUG_INFO = YES;
				ONLY_ACTIVE_ARCH = YES;
				SDKROOT = iphoneos;
				SWIFT_ACTIVE_COMPILATION_CONDITIONS = DEBUG;
				SWIFT_OPTIMIZATION_LEVEL = "-Onone";
			};
			name = Debug;
		};
		2E72CDE81F454A2B0001F16A /* Release */ = {
			isa = XCBuildConfiguration;
			buildSettings = {
				ALWAYS_SEARCH_USER_PATHS = NO;
				CLANG_ANALYZER_NONNULL = YES;
				CLANG_ANALYZER_NUMBER_OBJECT_CONVERSION = YES_AGGRESSIVE;
				CLANG_CXX_LANGUAGE_STANDARD = "gnu++0x";
				CLANG_CXX_LIBRARY = "libc++";
				CLANG_ENABLE_MODULES = YES;
				CLANG_ENABLE_OBJC_ARC = YES;
				CLANG_WARN_BOOL_CONVERSION = YES;
				CLANG_WARN_CONSTANT_CONVERSION = YES;
				CLANG_WARN_DIRECT_OBJC_ISA_USAGE = YES_ERROR;
				CLANG_WARN_DOCUMENTATION_COMMENTS = YES;
				CLANG_WARN_EMPTY_BODY = YES;
				CLANG_WARN_ENUM_CONVERSION = YES;
				CLANG_WARN_INFINITE_RECURSION = YES;
				CLANG_WARN_INT_CONVERSION = YES;
				CLANG_WARN_OBJC_ROOT_CLASS = YES_ERROR;
				CLANG_WARN_SUSPICIOUS_MOVE = YES;
				CLANG_WARN_UNREACHABLE_CODE = YES;
				CLANG_WARN__DUPLICATE_METHOD_MATCH = YES;
				"CODE_SIGN_IDENTITY[sdk=iphoneos*]" = "iPhone Developer";
				COPY_PHASE_STRIP = NO;
				DEBUG_INFORMATION_FORMAT = "dwarf-with-dsym";
				ENABLE_NS_ASSERTIONS = NO;
				ENABLE_STRICT_OBJC_MSGSEND = YES;
				GCC_C_LANGUAGE_STANDARD = gnu99;
				GCC_NO_COMMON_BLOCKS = YES;
				GCC_WARN_64_TO_32_BIT_CONVERSION = YES;
				GCC_WARN_ABOUT_RETURN_TYPE = YES_ERROR;
				GCC_WARN_UNDECLARED_SELECTOR = YES;
				GCC_WARN_UNINITIALIZED_AUTOS = YES_AGGRESSIVE;
				GCC_WARN_UNUSED_FUNCTION = YES;
				GCC_WARN_UNUSED_VARIABLE = YES;
				IPHONEOS_DEPLOYMENT_TARGET = 10.3;
				MTL_ENABLE_DEBUG_INFO = NO;
				SDKROOT = iphoneos;
				SWIFT_OPTIMIZATION_LEVEL = "-Owholemodule";
				VALIDATE_PRODUCT = YES;
			};
			name = Release;
		};
		2E72CDEA1F454A2B0001F16A /* Debug */ = {
			isa = XCBuildConfiguration;
			buildSettings = {
				ASSETCATALOG_COMPILER_APPICON_NAME = AppIcon;
				INFOPLIST_FILE = ScrollView_Basic/Info.plist;
				LD_RUNPATH_SEARCH_PATHS = "$(inherited) @executable_path/Frameworks";
				PRODUCT_BUNDLE_IDENTIFIER = "chanwoong.ScrollView-Basic";
				PRODUCT_NAME = "$(TARGET_NAME)";
				SWIFT_VERSION = 3.0;
			};
			name = Debug;
		};
		2E72CDEB1F454A2B0001F16A /* Release */ = {
			isa = XCBuildConfiguration;
			buildSettings = {
				ASSETCATALOG_COMPILER_APPICON_NAME = AppIcon;
				INFOPLIST_FILE = ScrollView_Basic/Info.plist;
				LD_RUNPATH_SEARCH_PATHS = "$(inherited) @executable_path/Frameworks";
				PRODUCT_BUNDLE_IDENTIFIER = "chanwoong.ScrollView-Basic";
				PRODUCT_NAME = "$(TARGET_NAME)";
				SWIFT_VERSION = 3.0;
			};
			name = Release;
		};
/* End XCBuildConfiguration section */

/* Begin XCConfigurationList section */
		2E72CDD21F454A2B0001F16A /* Build configuration list for PBXProject "ScrollView_Basic" */ = {
			isa = XCConfigurationList;
			buildConfigurations = (
				2E72CDE71F454A2B0001F16A /* Debug */,
				2E72CDE81F454A2B0001F16A /* Release */,
			);
			defaultConfigurationIsVisible = 0;
			defaultConfigurationName = Release;
		};
		2E72CDE91F454A2B0001F16A /* Build configuration list for PBXNativeTarget "ScrollView_Basic" */ = {
			isa = XCConfigurationList;
			buildConfigurations = (
				2E72CDEA1F454A2B0001F16A /* Debug */,
				2E72CDEB1F454A2B0001F16A /* Release */,
			);
			defaultConfigurationIsVisible = 0;
		};
/* End XCConfigurationList section */
	};
	rootObject = 2E72CDCF1F454A2B0001F16A /* Project object */;
}
